
Microsoft Visual Studio Solution File, Format Version 12.00
# Visual Studio Version 17
VisualStudioVersion = 17.14.36121.58
MinimumVisualStudioVersion = 10.0.40219.1
Project("{FAE04EC0-301F-11D3-BF4B-00C04F79EFBC}") = "MenuManagement.WebAPI", "MenuManagement.WebAPI\MenuManagement.WebAPI.csproj", "{DCB059C8-307B-E94F-05B3-52E5FD8CB160}"
EndProject
Project("{FAE04EC0-301F-11D3-BF4B-00C04F79EFBC}") = "MenuManagement.Infrastructure", "MenuManagement.Infrastructure\MenuManagement.Infrastructure.csproj", "{5CA6DE1E-5898-A88C-DAF6-BA0F85FA7040}"
EndProject
Project("{FAE04EC0-301F-11D3-BF4B-00C04F79EFBC}") = "MenuManagement.Domain", "MenuManagement.Domain\MenuManagement.Domain.csproj", "{B5F6A285-4E23-1406-2939-DF8DE2468EAB}"
EndProject
Project("{FAE04EC0-301F-11D3-BF4B-00C04F79EFBC}") = "MenuManagement.Web", "MenuManagement.Web\MenuManagement.Web.csproj", "{058DE6DA-C734-FEA6-8623-3213E44E8163}"
EndProject
Project("{2150E333-8FDC-42A3-9474-1A3956D46DE8}") = "Elementos de la solución", "Elementos de la solución", "{D107F4C8-89CC-BEA8-D3D7-CA6B7733353D}"
EndProject
Global
	GlobalSection(SolutionConfigurationPlatforms) = preSolution
		Debug|Any CPU = Debug|Any CPU
		Release|Any CPU = Release|Any CPU
	EndGlobalSection
	GlobalSection(ProjectConfigurationPlatforms) = postSolution
		{DCB059C8-307B-E94F-05B3-52E5FD8CB160}.Debug|Any CPU.ActiveCfg = Debug|Any CPU
		{DCB059C8-307B-E94F-05B3-52E5FD8CB160}.Debug|Any CPU.Build.0 = Debug|Any CPU
		{DCB059C8-307B-E94F-05B3-52E5FD8CB160}.Release|Any CPU.ActiveCfg = Release|Any CPU
		{DCB059C8-307B-E94F-05B3-52E5FD8CB160}.Release|Any CPU.Build.0 = Release|Any CPU
		{5CA6DE1E-5898-A88C-DAF6-BA0F85FA7040}.Debug|Any CPU.ActiveCfg = Debug|Any CPU
		{5CA6DE1E-5898-A88C-DAF6-BA0F85FA7040}.Debug|Any CPU.Build.0 = Debug|Any CPU
		{5CA6DE1E-5898-A88C-DAF6-BA0F85FA7040}.Release|Any CPU.ActiveCfg = Release|Any CPU
		{5CA6DE1E-5898-A88C-DAF6-BA0F85FA7040}.Release|Any CPU.Build.0 = Release|Any CPU
		{B5F6A285-4E23-1406-2939-DF8DE2468EAB}.Debug|Any CPU.ActiveCfg = Debug|Any CPU
		{B5F6A285-4E23-1406-2939-DF8DE2468EAB}.Debug|Any CPU.Build.0 = Debug|Any CPU
		{B5F6A285-4E23-1406-2939-DF8DE2468EAB}.Release|Any CPU.ActiveCfg = Release|Any CPU
		{B5F6A285-4E23-1406-2939-DF8DE2468EAB}.Release|Any CPU.Build.0 = Release|Any CPU
		{058DE6DA-C734-FEA6-8623-3213E44E8163}.Debug|Any CPU.ActiveCfg = Debug|Any CPU
		{058DE6DA-C734-FEA6-8623-3213E44E8163}.Debug|Any CPU.Build.0 = Debug|Any CPU
		{058DE6DA-C734-FEA6-8623-3213E44E8163}.Release|Any CPU.ActiveCfg = Release|Any CPU
		{058DE6DA-C734-FEA6-8623-3213E44E8163}.Release|Any CPU.Build.0 = Release|Any CPU
	EndGlobalSection
	GlobalSection(SolutionProperties) = preSolution
		HideSolutionNode = FALSE
	EndGlobalSection
	GlobalSection(ExtensibilityGlobals) = postSolution
		SolutionGuid = {F4770FE5-3185-4F38-B36E-089A9ABBCDCC}
	EndGlobalSection
EndGlobal
