
Microsoft Visual Studio Solution File, Format Version 12.00
# Visual Studio Version 17
VisualStudioVersion = 17.14.36121.58 d17.14
MinimumVisualStudioVersion = 10.0.40219.1
Project("{FAE04EC0-301F-11D3-BF4B-00C04F79EFBC}") = "MenuManagement.Infrastructure", "MenuManagement.Infrastructure\MenuManagement.Infrastructure.csproj", "{DDAD72D4-B086-4CA8-9338-E137F59D48EB}"
EndProject
Global
	GlobalSection(SolutionConfigurationPlatforms) = preSolution
		Debug|Any CPU = Debug|Any CPU
		Release|Any CPU = Release|Any CPU
	EndGlobalSection
	GlobalSection(ProjectConfigurationPlatforms) = postSolution
		{DDAD72D4-B086-4CA8-9338-E137F59D48EB}.Debug|Any CPU.ActiveCfg = Debug|Any CPU
		{DDAD72D4-B086-4CA8-9338-E137F59D48EB}.Debug|Any CPU.Build.0 = Debug|Any CPU
		{DDAD72D4-B086-4CA8-9338-E137F59D48EB}.Release|Any CPU.ActiveCfg = Release|Any CPU
		{DDAD72D4-B086-4CA8-9338-E137F59D48EB}.Release|Any CPU.Build.0 = Release|Any CPU
	EndGlobalSection
	GlobalSection(SolutionProperties) = preSolution
		HideSolutionNode = FALSE
	EndGlobalSection
	GlobalSection(ExtensibilityGlobals) = postSolution
		SolutionGuid = {A895BA23-9119-496C-BFCA-835FABF77AFC}
	EndGlobalSection
EndGlobal
