
Microsoft Visual Studio Solution File, Format Version 12.00
# Visual Studio Version 17
VisualStudioVersion = 17.14.36121.58 d17.14
MinimumVisualStudioVersion = 10.0.40219.1
Project("{FAE04EC0-301F-11D3-BF4B-00C04F79EFBC}") = "MenuManagement.Web", "MenuManagement.Web\MenuManagement.Web.csproj", "{4A6FC5F4-9F09-402D-941D-1AD53C525A01}"
EndProject
Global
	GlobalSection(SolutionConfigurationPlatforms) = preSolution
		Debug|Any CPU = Debug|Any CPU
		Release|Any CPU = Release|Any CPU
	EndGlobalSection
	GlobalSection(ProjectConfigurationPlatforms) = postSolution
		{4A6FC5F4-9F09-402D-941D-1AD53C525A01}.Debug|Any CPU.ActiveCfg = Debug|Any CPU
		{4A6FC5F4-9F09-402D-941D-1AD53C525A01}.Debug|Any CPU.Build.0 = Debug|Any CPU
		{4A6FC5F4-9F09-402D-941D-1AD53C525A01}.Release|Any CPU.ActiveCfg = Release|Any CPU
		{4A6FC5F4-9F09-402D-941D-1AD53C525A01}.Release|Any CPU.Build.0 = Release|Any CPU
	EndGlobalSection
	GlobalSection(SolutionProperties) = preSolution
		HideSolutionNode = FALSE
	EndGlobalSection
	GlobalSection(ExtensibilityGlobals) = postSolution
		SolutionGuid = {87E0A6C5-1ED6-4EB6-9F25-CEC0AC27C8F3}
	EndGlobalSection
EndGlobal
